Microsoft Visual Studio Solution File, Format Version 12.00
# Visual Studio Version 17
VisualStudioVersion = 17.5.2.0
MinimumVisualStudioVersion = 10.0.40219.1
Project("{FAE04EC0-301F-11D3-BF4B-00C04F79EFBC}") = "DevHouse1", "DevHouse1.csproj", "{9266E86E-F759-6520-B079-99AC89350055}"
EndProject
Global
	GlobalSection(SolutionConfigurationPlatforms) = preSolution
		Debug|Any CPU = Debug|Any CPU
		Release|Any CPU = Release|Any CPU
	EndGlobalSection
	GlobalSection(ProjectConfigurationPlatforms) = postSolution
		{9266E86E-F759-6520-B079-99AC89350055}.Debug|Any CPU.ActiveCfg = Debug|Any CPU
		{9266E86E-F759-6520-B079-99AC89350055}.Debug|Any CPU.Build.0 = Debug|Any CPU
		{9266E86E-F759-6520-B079-99AC89350055}.Release|Any CPU.ActiveCfg = Release|Any CPU
		{9266E86E-F759-6520-B079-99AC89350055}.Release|Any CPU.Build.0 = Release|Any CPU
	EndGlobalSection
	GlobalSection(SolutionProperties) = preSolution
		HideSolutionNode = FALSE
	EndGlobalSection
	GlobalSection(ExtensibilityGlobals) = postSolution
		SolutionGuid = {42F6573F-A2E0-44D8-95BB-6FCC1B1FE5F0}
	EndGlobalSection
EndGlobal
